
Microsoft Visual Studio Solution File, Format Version 12.00
# Visual Studio 15
VisualStudioVersion = 15.0.26730.16
MinimumVisualStudioVersion = 10.0.40219.1
Project("{FAE04EC0-301F-11D3-BF4B-00C04F79EFBC}") = "PIAWatchdog", "PIAWatchdog\PIAWatchdog.csproj", "{04199A34-A9F8-4F9C-BD86-70AE738AB3BA}"
EndProject
Global
	GlobalSection(SolutionConfigurationPlatforms) = preSolution
		Debug|Any CPU = Debug|Any CPU
		Release|Any CPU = Release|Any CPU
	EndGlobalSection
	GlobalSection(ProjectConfigurationPlatforms) = postSolution
		{04199A34-A9F8-4F9C-BD86-70AE738AB3BA}.Debug|Any CPU.ActiveCfg = Debug|Any CPU
		{04199A34-A9F8-4F9C-BD86-70AE738AB3BA}.Debug|Any CPU.Build.0 = Debug|Any CPU
		{04199A34-A9F8-4F9C-BD86-70AE738AB3BA}.Release|Any CPU.ActiveCfg = Release|Any CPU
		{04199A34-A9F8-4F9C-BD86-70AE738AB3BA}.Release|Any CPU.Build.0 = Release|Any CPU
	EndGlobalSection
	GlobalSection(SolutionProperties) = preSolution
		HideSolutionNode = FALSE
	EndGlobalSection
	GlobalSection(ExtensibilityGlobals) = postSolution
		SolutionGuid = {098DCA4D-16BF-4D77-BA19-1699501C1352}
	EndGlobalSection
EndGlobal
